
Microsoft Visual Studio Solution File, Format Version 12.00
# Visual Studio Version 17
VisualStudioVersion = 17.4.33205.214
MinimumVisualStudioVersion = 10.0.40219.1
Project("{FAE04EC0-301F-11D3-BF4B-00C04F79EFBC}") = "Regex_Demo", "Regex_Demo\Regex_Demo.csproj", "{F0E36FFB-D46E-4A95-AD92-845244D06D93}"
EndProject
Global
	GlobalSection(SolutionConfigurationPlatforms) = preSolution
		Debug|Any CPU = Debug|Any CPU
		Release|Any CPU = Release|Any CPU
	EndGlobalSection
	GlobalSection(ProjectConfigurationPlatforms) = postSolution
		{F0E36FFB-D46E-4A95-AD92-845244D06D93}.Debug|Any CPU.ActiveCfg = Debug|Any CPU
		{F0E36FFB-D46E-4A95-AD92-845244D06D93}.Debug|Any CPU.Build.0 = Debug|Any CPU
		{F0E36FFB-D46E-4A95-AD92-845244D06D93}.Release|Any CPU.ActiveCfg = Release|Any CPU
		{F0E36FFB-D46E-4A95-AD92-845244D06D93}.Release|Any CPU.Build.0 = Release|Any CPU
	EndGlobalSection
	GlobalSection(SolutionProperties) = preSolution
		HideSolutionNode = FALSE
	EndGlobalSection
	GlobalSection(ExtensibilityGlobals) = postSolution
		SolutionGuid = {6D1163B3-EE78-4ECB-A14C-4AE125AE34A5}
	EndGlobalSection
EndGlobal
